
Microsoft Visual Studio Solution File, Format Version 12.00
# Visual Studio Version 16
VisualStudioVersion = 16.0.29324.140
MinimumVisualStudioVersion = 10.0.40219.1
Project("{2150E333-8FDC-42A3-9474-1A3956D46DE8}") = "1 - Presentation", "1 - Presentation", "{9EF60F36-13E6-4049-AD3D-EEE064EC2EA2}"
EndProject
Project("{2150E333-8FDC-42A3-9474-1A3956D46DE8}") = "2 - Services", "2 - Services", "{C71276B1-6A7C-4807-816C-0A9FB8E1948C}"
EndProject
Project("{2150E333-8FDC-42A3-9474-1A3956D46DE8}") = "3 - Application", "3 - Application", "{95C0AD3B-4D06-4A97-A37F-AEC43B8D482C}"
EndProject
Project("{2150E333-8FDC-42A3-9474-1A3956D46DE8}") = "5 - Infra", "5 - Infra", "{C37ABAE2-A0C8-4E59-8DD0-81CA9A6FB88E}"
EndProject
Project("{2150E333-8FDC-42A3-9474-1A3956D46DE8}") = "5.1 - Data", "5.1 - Data", "{69294C9F-32FD-45D9-99FB-D13C3B4A7E81}"
EndProject
Project("{2150E333-8FDC-42A3-9474-1A3956D46DE8}") = "5.2 - CrossCutting", "5.2 - CrossCutting", "{30338A41-45EB-4989-A016-45A36D8EF320}"
EndProject
Project("{2150E333-8FDC-42A3-9474-1A3956D46DE8}") = "4 - Domain", "4 - Domain", "{8D403528-4286-4F00-8418-C775926449D8}"
EndProject
Project("{9A19103F-16F7-4668-BE54-9A1E7A4F7556}") = "Gol.IO.Domain", "src\Eventos.IO.Domain\Gol.IO.Domain.csproj", "{54836CE7-3FBB-44C1-980A-0B1550392017}"
EndProject
Project("{9A19103F-16F7-4668-BE54-9A1E7A4F7556}") = "Gol.IO.Domain.Core", "src\Eventos.IO.Domain.Core\Gol.IO.Domain.Core.csproj", "{A5C53857-CA43-4CD3-B9CB-A882B4B6320A}"
EndProject
Project("{9A19103F-16F7-4668-BE54-9A1E7A4F7556}") = "Gol.IO.Infra.Data", "src\Eventos.IO.Infra.Data\Gol.IO.Infra.Data.csproj", "{54CAB9E4-B3C7-4EC5-AEF9-9D6A17659087}"
EndProject
Project("{9A19103F-16F7-4668-BE54-9A1E7A4F7556}") = "Gol.IO.Application", "src\Eventos.IO.Application\Gol.IO.Application.csproj", "{105C5305-D369-48B3-8A85-0BACF66D20CF}"
EndProject
Project("{9A19103F-16F7-4668-BE54-9A1E7A4F7556}") = "Gol.IO.Infra.CrossCutting.IoC", "src\Eventos.IO.Infra.CrossCutting.IoC\Gol.IO.Infra.CrossCutting.IoC.csproj", "{1096F5EC-4CEA-4618-8114-4EA072EAAADE}"
EndProject
Project("{9A19103F-16F7-4668-BE54-9A1E7A4F7556}") = "Gol.IO.Infra.CrossCutting.Bus", "src\Eventos.IO.Infra.CrossCutting.Bus\Gol.IO.Infra.CrossCutting.Bus.csproj", "{B1B26A7B-EB0C-45A4-9BDE-C6F02990857E}"
EndProject
Project("{FAE04EC0-301F-11D3-BF4B-00C04F79EFBC}") = "Gol.IO.Api", "src\Gol.IO.Api\Gol.IO.Api.csproj", "{664D5856-E0C8-4253-BF2A-CC6148037E62}"
EndProject
Project("{FAE04EC0-301F-11D3-BF4B-00C04F79EFBC}") = "Gol.IO.Site.Angular", "src\Gol.IO.Site.Angular\Gol.IO.Site.Angular.csproj", "{F630E4B8-BBDF-4C86-8629-62D76C28D14E}"
EndProject
Global
	GlobalSection(SolutionConfigurationPlatforms) = preSolution
		Debug|Any CPU = Debug|Any CPU
		Release|Any CPU = Release|Any CPU
	EndGlobalSection
	GlobalSection(ProjectConfigurationPlatforms) = postSolution
		{54836CE7-3FBB-44C1-980A-0B1550392017}.Debug|Any CPU.ActiveCfg = Debug|Any CPU
		{54836CE7-3FBB-44C1-980A-0B1550392017}.Debug|Any CPU.Build.0 = Debug|Any CPU
		{54836CE7-3FBB-44C1-980A-0B1550392017}.Release|Any CPU.ActiveCfg = Release|Any CPU
		{54836CE7-3FBB-44C1-980A-0B1550392017}.Release|Any CPU.Build.0 = Release|Any CPU
		{A5C53857-CA43-4CD3-B9CB-A882B4B6320A}.Debug|Any CPU.ActiveCfg = Debug|Any CPU
		{A5C53857-CA43-4CD3-B9CB-A882B4B6320A}.Debug|Any CPU.Build.0 = Debug|Any CPU
		{A5C53857-CA43-4CD3-B9CB-A882B4B6320A}.Release|Any CPU.ActiveCfg = Release|Any CPU
		{A5C53857-CA43-4CD3-B9CB-A882B4B6320A}.Release|Any CPU.Build.0 = Release|Any CPU
		{54CAB9E4-B3C7-4EC5-AEF9-9D6A17659087}.Debug|Any CPU.ActiveCfg = Debug|Any CPU
		{54CAB9E4-B3C7-4EC5-AEF9-9D6A17659087}.Debug|Any CPU.Build.0 = Debug|Any CPU
		{54CAB9E4-B3C7-4EC5-AEF9-9D6A17659087}.Release|Any CPU.ActiveCfg = Release|Any CPU
		{54CAB9E4-B3C7-4EC5-AEF9-9D6A17659087}.Release|Any CPU.Build.0 = Release|Any CPU
		{105C5305-D369-48B3-8A85-0BACF66D20CF}.Debug|Any CPU.ActiveCfg = Debug|Any CPU
		{105C5305-D369-48B3-8A85-0BACF66D20CF}.Debug|Any CPU.Build.0 = Debug|Any CPU
		{105C5305-D369-48B3-8A85-0BACF66D20CF}.Release|Any CPU.ActiveCfg = Release|Any CPU
		{105C5305-D369-48B3-8A85-0BACF66D20CF}.Release|Any CPU.Build.0 = Release|Any CPU
		{1096F5EC-4CEA-4618-8114-4EA072EAAADE}.Debug|Any CPU.ActiveCfg = Debug|Any CPU
		{1096F5EC-4CEA-4618-8114-4EA072EAAADE}.Debug|Any CPU.Build.0 = Debug|Any CPU
		{1096F5EC-4CEA-4618-8114-4EA072EAAADE}.Release|Any CPU.ActiveCfg = Release|Any CPU
		{1096F5EC-4CEA-4618-8114-4EA072EAAADE}.Release|Any CPU.Build.0 = Release|Any CPU
		{B1B26A7B-EB0C-45A4-9BDE-C6F02990857E}.Debug|Any CPU.ActiveCfg = Debug|Any CPU
		{B1B26A7B-EB0C-45A4-9BDE-C6F02990857E}.Debug|Any CPU.Build.0 = Debug|Any CPU
		{B1B26A7B-EB0C-45A4-9BDE-C6F02990857E}.Release|Any CPU.ActiveCfg = Release|Any CPU
		{B1B26A7B-EB0C-45A4-9BDE-C6F02990857E}.Release|Any CPU.Build.0 = Release|Any CPU
		{664D5856-E0C8-4253-BF2A-CC6148037E62}.Debug|Any CPU.ActiveCfg = Debug|Any CPU
		{664D5856-E0C8-4253-BF2A-CC6148037E62}.Debug|Any CPU.Build.0 = Debug|Any CPU
		{664D5856-E0C8-4253-BF2A-CC6148037E62}.Release|Any CPU.ActiveCfg = Release|Any CPU
		{664D5856-E0C8-4253-BF2A-CC6148037E62}.Release|Any CPU.Build.0 = Release|Any CPU
		{F630E4B8-BBDF-4C86-8629-62D76C28D14E}.Debug|Any CPU.ActiveCfg = Debug|Any CPU
		{F630E4B8-BBDF-4C86-8629-62D76C28D14E}.Debug|Any CPU.Build.0 = Debug|Any CPU
		{F630E4B8-BBDF-4C86-8629-62D76C28D14E}.Release|Any CPU.ActiveCfg = Release|Any CPU
		{F630E4B8-BBDF-4C86-8629-62D76C28D14E}.Release|Any CPU.Build.0 = Release|Any CPU
	EndGlobalSection
	GlobalSection(SolutionProperties) = preSolution
		HideSolutionNode = FALSE
	EndGlobalSection
	GlobalSection(NestedProjects) = preSolution
		{69294C9F-32FD-45D9-99FB-D13C3B4A7E81} = {C37ABAE2-A0C8-4E59-8DD0-81CA9A6FB88E}
		{30338A41-45EB-4989-A016-45A36D8EF320} = {C37ABAE2-A0C8-4E59-8DD0-81CA9A6FB88E}
		{54836CE7-3FBB-44C1-980A-0B1550392017} = {8D403528-4286-4F00-8418-C775926449D8}
		{A5C53857-CA43-4CD3-B9CB-A882B4B6320A} = {8D403528-4286-4F00-8418-C775926449D8}
		{54CAB9E4-B3C7-4EC5-AEF9-9D6A17659087} = {69294C9F-32FD-45D9-99FB-D13C3B4A7E81}
		{105C5305-D369-48B3-8A85-0BACF66D20CF} = {95C0AD3B-4D06-4A97-A37F-AEC43B8D482C}
		{1096F5EC-4CEA-4618-8114-4EA072EAAADE} = {30338A41-45EB-4989-A016-45A36D8EF320}
		{B1B26A7B-EB0C-45A4-9BDE-C6F02990857E} = {30338A41-45EB-4989-A016-45A36D8EF320}
		{664D5856-E0C8-4253-BF2A-CC6148037E62} = {C71276B1-6A7C-4807-816C-0A9FB8E1948C}
		{F630E4B8-BBDF-4C86-8629-62D76C28D14E} = {9EF60F36-13E6-4049-AD3D-EEE064EC2EA2}
	EndGlobalSection
	GlobalSection(ExtensibilityGlobals) = postSolution
		SolutionGuid = {2EE56038-E62B-421F-A79B-78E2E705971E}
	EndGlobalSection
EndGlobal
